
Microsoft Visual Studio Solution File, Format Version 12.00
# Visual Studio Version 16
VisualStudioVersion = 16.0.31402.337
MinimumVisualStudioVersion = 10.0.40219.1
Project("{FAE04EC0-301F-11D3-BF4B-00C04F79EFBC}") = "CRUDAppAssesment", "CRUDAppAssesment.csproj", "{9AAAD353-AEED-4592-B80E-7D19FE540C72}"
EndProject
Global
	GlobalSection(SolutionConfigurationPlatforms) = preSolution
		Debug|Any CPU = Debug|Any CPU
		Release|Any CPU = Release|Any CPU
	EndGlobalSection
	GlobalSection(ProjectConfigurationPlatforms) = postSolution
		{9AAAD353-AEED-4592-B80E-7D19FE540C72}.Debug|Any CPU.ActiveCfg = Debug|Any CPU
		{9AAAD353-AEED-4592-B80E-7D19FE540C72}.Debug|Any CPU.Build.0 = Debug|Any CPU
		{9AAAD353-AEED-4592-B80E-7D19FE540C72}.Release|Any CPU.ActiveCfg = Release|Any CPU
		{9AAAD353-AEED-4592-B80E-7D19FE540C72}.Release|Any CPU.Build.0 = Release|Any CPU
	EndGlobalSection
	GlobalSection(SolutionProperties) = preSolution
		HideSolutionNode = FALSE
	EndGlobalSection
	GlobalSection(ExtensibilityGlobals) = postSolution
		SolutionGuid = {ADAA3A02-D5A8-41A0-A295-A2D11802FEBE}
	EndGlobalSection
EndGlobal
